
Microsoft Visual Studio Solution File, Format Version 12.00
# Visual Studio Version 17
VisualStudioVersion = 17.5.002.0
MinimumVisualStudioVersion = 10.0.40219.1
Project("{9A19103F-16F7-4668-BE54-9A1E7A4F7556}") = "Logica 2", "Logica 2.csproj", "{BF24E6BD-78A0-4D21-BF4C-FF5C6C8617DC}"
EndProject
Global
	GlobalSection(SolutionConfigurationPlatforms) = preSolution
		Debug|Any CPU = Debug|Any CPU
		Release|Any CPU = Release|Any CPU
	EndGlobalSection
	GlobalSection(ProjectConfigurationPlatforms) = postSolution
		{BF24E6BD-78A0-4D21-BF4C-FF5C6C8617DC}.Debug|Any CPU.ActiveCfg = Debug|Any CPU
		{BF24E6BD-78A0-4D21-BF4C-FF5C6C8617DC}.Debug|Any CPU.Build.0 = Debug|Any CPU
		{BF24E6BD-78A0-4D21-BF4C-FF5C6C8617DC}.Release|Any CPU.ActiveCfg = Release|Any CPU
		{BF24E6BD-78A0-4D21-BF4C-FF5C6C8617DC}.Release|Any CPU.Build.0 = Release|Any CPU
	EndGlobalSection
	GlobalSection(SolutionProperties) = preSolution
		HideSolutionNode = FALSE
	EndGlobalSection
	GlobalSection(ExtensibilityGlobals) = postSolution
		SolutionGuid = {F54BFEEC-F88D-462F-9942-DB95C74A4C17}
	EndGlobalSection
EndGlobal
